
Microsoft Visual Studio Solution File, Format Version 12.00
# Visual Studio 2012
Project("{FAE04EC0-301F-11D3-BF4B-00C04F79EFBC}") = "MiniBus", "MiniBus\MiniBus.csproj", "{60A5F376-4AE0-460D-9BB4-452589290407}"
EndProject
Project("{FAE04EC0-301F-11D3-BF4B-00C04F79EFBC}") = "Tests", "Tests\Tests.csproj", "{7DEEB0E0-D659-4CB5-93DB-797564EDC34B}"
EndProject
Global
	GlobalSection(SolutionConfigurationPlatforms) = preSolution
		Debug|Any CPU = Debug|Any CPU
		Release|Any CPU = Release|Any CPU
	EndGlobalSection
	GlobalSection(ProjectConfigurationPlatforms) = postSolution
		{60A5F376-4AE0-460D-9BB4-452589290407}.Debug|Any CPU.ActiveCfg = Debug|Any CPU
		{60A5F376-4AE0-460D-9BB4-452589290407}.Debug|Any CPU.Build.0 = Debug|Any CPU
		{60A5F376-4AE0-460D-9BB4-452589290407}.Release|Any CPU.ActiveCfg = Release|Any CPU
		{60A5F376-4AE0-460D-9BB4-452589290407}.Release|Any CPU.Build.0 = Release|Any CPU
		{7DEEB0E0-D659-4CB5-93DB-797564EDC34B}.Debug|Any CPU.ActiveCfg = Debug|Any CPU
		{7DEEB0E0-D659-4CB5-93DB-797564EDC34B}.Debug|Any CPU.Build.0 = Debug|Any CPU
		{7DEEB0E0-D659-4CB5-93DB-797564EDC34B}.Release|Any CPU.ActiveCfg = Release|Any CPU
		{7DEEB0E0-D659-4CB5-93DB-797564EDC34B}.Release|Any CPU.Build.0 = Release|Any CPU
	EndGlobalSection
	GlobalSection(SolutionProperties) = preSolution
		HideSolutionNode = FALSE
	EndGlobalSection
EndGlobal
